
Microsoft Visual Studio Solution File, Format Version 12.00
# Visual Studio Version 16
VisualStudioVersion = 16.0.33529.622
MinimumVisualStudioVersion = 10.0.40219.1
Project("{FAE04EC0-301F-11D3-BF4B-00C04F79EFBC}") = "IntroductionConsoleApp2", "IntroductionConsoleApp2\IntroductionConsoleApp2.csproj", "{0693A2AA-B660-4550-A28E-355F4AEFC665}"
EndProject
Global
	GlobalSection(SolutionConfigurationPlatforms) = preSolution
		Debug|Any CPU = Debug|Any CPU
		Release|Any CPU = Release|Any CPU
	EndGlobalSection
	GlobalSection(ProjectConfigurationPlatforms) = postSolution
		{0693A2AA-B660-4550-A28E-355F4AEFC665}.Debug|Any CPU.ActiveCfg = Debug|Any CPU
		{0693A2AA-B660-4550-A28E-355F4AEFC665}.Debug|Any CPU.Build.0 = Debug|Any CPU
		{0693A2AA-B660-4550-A28E-355F4AEFC665}.Release|Any CPU.ActiveCfg = Release|Any CPU
		{0693A2AA-B660-4550-A28E-355F4AEFC665}.Release|Any CPU.Build.0 = Release|Any CPU
	EndGlobalSection
	GlobalSection(SolutionProperties) = preSolution
		HideSolutionNode = FALSE
	EndGlobalSection
	GlobalSection(ExtensibilityGlobals) = postSolution
		SolutionGuid = {53B751E2-CFEF-412D-AF7E-875FFBFAFA7A}
	EndGlobalSection
EndGlobal
